
Microsoft Visual Studio Solution File, Format Version 12.00
# Visual Studio Version 17
VisualStudioVersion = 17.4.33213.308
MinimumVisualStudioVersion = 10.0.40219.1
Project("{2150E333-8FDC-42A3-9474-1A3956D46DE8}") = "Services", "Services", "{057F28E6-9E56-40C2-9CDA-5C0BFCD12E5B}"
EndProject
Project("{2150E333-8FDC-42A3-9474-1A3956D46DE8}") = "Catalog", "Catalog", "{900B0A8E-2FCA-47CE-9406-2B2379828C62}"
EndProject
Project("{9A19103F-16F7-4668-BE54-9A1E7A4F7556}") = "Catalog.Api", "Services\Catalog\Catalog.Api\Catalog.Api.csproj", "{BA1CDCC3-C2C3-4F7F-BF70-86333266B27A}"
EndProject
Project("{E53339B2-1760-4266-BCC7-CA923CBCF16C}") = "docker-compose", "docker-compose.dcproj", "{D8A76A6D-2189-4BB9-859F-3EB412AAF226}"
EndProject
Project("{2150E333-8FDC-42A3-9474-1A3956D46DE8}") = "Basket", "Basket", "{2B74A5C9-751D-48A1-9704-197DBCAA419F}"
EndProject
Project("{9A19103F-16F7-4668-BE54-9A1E7A4F7556}") = "Basket.API", "Services\Basket\Basket.API\Basket.API.csproj", "{87F8E2FB-D4F6-4174-B676-7EE370BA38EC}"
EndProject
Project("{2150E333-8FDC-42A3-9474-1A3956D46DE8}") = "Discount", "Discount", "{47F99EAB-AF66-4EBB-A50C-A9DE23B1E2FB}"
EndProject
Project("{9A19103F-16F7-4668-BE54-9A1E7A4F7556}") = "Discount.Api", "Services\Discount\Discount.Api\Discount.Api.csproj", "{ECD68B89-C869-4386-AA18-2E545F2E07FA}"
EndProject
Project("{9A19103F-16F7-4668-BE54-9A1E7A4F7556}") = "Discount.Grpc", "Services\Discount\Discount.Grpc\Discount.Grpc.csproj", "{EF56D12A-92CD-4D12-8EC7-3A8CFC6B53E3}"
EndProject
Project("{2150E333-8FDC-42A3-9474-1A3956D46DE8}") = "Ordering", "Ordering", "{6AA03DD1-3028-4A88-8EEA-EE513277EC25}"
EndProject
Project("{9A19103F-16F7-4668-BE54-9A1E7A4F7556}") = "Ordering.API", "Services\Ordering\Ordering.API\Ordering.API.csproj", "{FB440414-7B62-47A2-AE6B-F75030CA55DD}"
EndProject
Project("{9A19103F-16F7-4668-BE54-9A1E7A4F7556}") = "Ordering.Domain", "Services\Ordering\Ordering.Domain\Ordering.Domain.csproj", "{85432BF5-BDC2-450F-AF53-1B794E86DE47}"
EndProject
Project("{9A19103F-16F7-4668-BE54-9A1E7A4F7556}") = "Ordering.Application", "Services\Ordering\Ordering.Application\Ordering.Application.csproj", "{78762EA7-E8E1-41B4-9D13-A1A4D04CD466}"
EndProject
Project("{9A19103F-16F7-4668-BE54-9A1E7A4F7556}") = "Ordering.Infrastructure", "Services\Ordering\Ordering.Infrastructure\Ordering.Infrastructure.csproj", "{4C504E21-1669-4385-8D7C-FBE3FA480F58}"
EndProject
Project("{2150E333-8FDC-42A3-9474-1A3956D46DE8}") = "BuildingBlocks", "BuildingBlocks", "{DAF40C37-51ED-4644-8D21-FB982D84D93E}"
EndProject
Project("{FAE04EC0-301F-11D3-BF4B-00C04F79EFBC}") = "EventBus.Messages", "BuildingBlocks\EventBus.Messages\EventBus.Messages.csproj", "{70774184-A710-4FFA-B385-D85D68D02F9B}"
EndProject
Global
	GlobalSection(SolutionConfigurationPlatforms) = preSolution
		Debug|Any CPU = Debug|Any CPU
		Release|Any CPU = Release|Any CPU
	EndGlobalSection
	GlobalSection(ProjectConfigurationPlatforms) = postSolution
		{BA1CDCC3-C2C3-4F7F-BF70-86333266B27A}.Debug|Any CPU.ActiveCfg = Debug|Any CPU
		{BA1CDCC3-C2C3-4F7F-BF70-86333266B27A}.Debug|Any CPU.Build.0 = Debug|Any CPU
		{BA1CDCC3-C2C3-4F7F-BF70-86333266B27A}.Release|Any CPU.ActiveCfg = Release|Any CPU
		{BA1CDCC3-C2C3-4F7F-BF70-86333266B27A}.Release|Any CPU.Build.0 = Release|Any CPU
		{D8A76A6D-2189-4BB9-859F-3EB412AAF226}.Debug|Any CPU.ActiveCfg = Debug|Any CPU
		{D8A76A6D-2189-4BB9-859F-3EB412AAF226}.Debug|Any CPU.Build.0 = Debug|Any CPU
		{D8A76A6D-2189-4BB9-859F-3EB412AAF226}.Release|Any CPU.ActiveCfg = Release|Any CPU
		{D8A76A6D-2189-4BB9-859F-3EB412AAF226}.Release|Any CPU.Build.0 = Release|Any CPU
		{87F8E2FB-D4F6-4174-B676-7EE370BA38EC}.Debug|Any CPU.ActiveCfg = Debug|Any CPU
		{87F8E2FB-D4F6-4174-B676-7EE370BA38EC}.Debug|Any CPU.Build.0 = Debug|Any CPU
		{87F8E2FB-D4F6-4174-B676-7EE370BA38EC}.Release|Any CPU.ActiveCfg = Release|Any CPU
		{87F8E2FB-D4F6-4174-B676-7EE370BA38EC}.Release|Any CPU.Build.0 = Release|Any CPU
		{ECD68B89-C869-4386-AA18-2E545F2E07FA}.Debug|Any CPU.ActiveCfg = Debug|Any CPU
		{ECD68B89-C869-4386-AA18-2E545F2E07FA}.Debug|Any CPU.Build.0 = Debug|Any CPU
		{ECD68B89-C869-4386-AA18-2E545F2E07FA}.Release|Any CPU.ActiveCfg = Release|Any CPU
		{ECD68B89-C869-4386-AA18-2E545F2E07FA}.Release|Any CPU.Build.0 = Release|Any CPU
		{EF56D12A-92CD-4D12-8EC7-3A8CFC6B53E3}.Debug|Any CPU.ActiveCfg = Debug|Any CPU
		{EF56D12A-92CD-4D12-8EC7-3A8CFC6B53E3}.Debug|Any CPU.Build.0 = Debug|Any CPU
		{EF56D12A-92CD-4D12-8EC7-3A8CFC6B53E3}.Release|Any CPU.ActiveCfg = Release|Any CPU
		{EF56D12A-92CD-4D12-8EC7-3A8CFC6B53E3}.Release|Any CPU.Build.0 = Release|Any CPU
		{FB440414-7B62-47A2-AE6B-F75030CA55DD}.Debug|Any CPU.ActiveCfg = Debug|Any CPU
		{FB440414-7B62-47A2-AE6B-F75030CA55DD}.Debug|Any CPU.Build.0 = Debug|Any CPU
		{FB440414-7B62-47A2-AE6B-F75030CA55DD}.Release|Any CPU.ActiveCfg = Release|Any CPU
		{FB440414-7B62-47A2-AE6B-F75030CA55DD}.Release|Any CPU.Build.0 = Release|Any CPU
		{85432BF5-BDC2-450F-AF53-1B794E86DE47}.Debug|Any CPU.ActiveCfg = Debug|Any CPU
		{85432BF5-BDC2-450F-AF53-1B794E86DE47}.Debug|Any CPU.Build.0 = Debug|Any CPU
		{85432BF5-BDC2-450F-AF53-1B794E86DE47}.Release|Any CPU.ActiveCfg = Release|Any CPU
		{85432BF5-BDC2-450F-AF53-1B794E86DE47}.Release|Any CPU.Build.0 = Release|Any CPU
		{78762EA7-E8E1-41B4-9D13-A1A4D04CD466}.Debug|Any CPU.ActiveCfg = Debug|Any CPU
		{78762EA7-E8E1-41B4-9D13-A1A4D04CD466}.Debug|Any CPU.Build.0 = Debug|Any CPU
		{78762EA7-E8E1-41B4-9D13-A1A4D04CD466}.Release|Any CPU.ActiveCfg = Release|Any CPU
		{78762EA7-E8E1-41B4-9D13-A1A4D04CD466}.Release|Any CPU.Build.0 = Release|Any CPU
		{4C504E21-1669-4385-8D7C-FBE3FA480F58}.Debug|Any CPU.ActiveCfg = Debug|Any CPU
		{4C504E21-1669-4385-8D7C-FBE3FA480F58}.Debug|Any CPU.Build.0 = Debug|Any CPU
		{4C504E21-1669-4385-8D7C-FBE3FA480F58}.Release|Any CPU.ActiveCfg = Release|Any CPU
		{4C504E21-1669-4385-8D7C-FBE3FA480F58}.Release|Any CPU.Build.0 = Release|Any CPU
		{70774184-A710-4FFA-B385-D85D68D02F9B}.Debug|Any CPU.ActiveCfg = Debug|Any CPU
		{70774184-A710-4FFA-B385-D85D68D02F9B}.Debug|Any CPU.Build.0 = Debug|Any CPU
		{70774184-A710-4FFA-B385-D85D68D02F9B}.Release|Any CPU.ActiveCfg = Release|Any CPU
		{70774184-A710-4FFA-B385-D85D68D02F9B}.Release|Any CPU.Build.0 = Release|Any CPU
	EndGlobalSection
	GlobalSection(SolutionProperties) = preSolution
		HideSolutionNode = FALSE
	EndGlobalSection
	GlobalSection(NestedProjects) = preSolution
		{900B0A8E-2FCA-47CE-9406-2B2379828C62} = {057F28E6-9E56-40C2-9CDA-5C0BFCD12E5B}
		{BA1CDCC3-C2C3-4F7F-BF70-86333266B27A} = {900B0A8E-2FCA-47CE-9406-2B2379828C62}
		{2B74A5C9-751D-48A1-9704-197DBCAA419F} = {057F28E6-9E56-40C2-9CDA-5C0BFCD12E5B}
		{87F8E2FB-D4F6-4174-B676-7EE370BA38EC} = {2B74A5C9-751D-48A1-9704-197DBCAA419F}
		{47F99EAB-AF66-4EBB-A50C-A9DE23B1E2FB} = {057F28E6-9E56-40C2-9CDA-5C0BFCD12E5B}
		{ECD68B89-C869-4386-AA18-2E545F2E07FA} = {47F99EAB-AF66-4EBB-A50C-A9DE23B1E2FB}
		{EF56D12A-92CD-4D12-8EC7-3A8CFC6B53E3} = {47F99EAB-AF66-4EBB-A50C-A9DE23B1E2FB}
		{6AA03DD1-3028-4A88-8EEA-EE513277EC25} = {057F28E6-9E56-40C2-9CDA-5C0BFCD12E5B}
		{FB440414-7B62-47A2-AE6B-F75030CA55DD} = {6AA03DD1-3028-4A88-8EEA-EE513277EC25}
		{85432BF5-BDC2-450F-AF53-1B794E86DE47} = {6AA03DD1-3028-4A88-8EEA-EE513277EC25}
		{78762EA7-E8E1-41B4-9D13-A1A4D04CD466} = {6AA03DD1-3028-4A88-8EEA-EE513277EC25}
		{4C504E21-1669-4385-8D7C-FBE3FA480F58} = {6AA03DD1-3028-4A88-8EEA-EE513277EC25}
		{70774184-A710-4FFA-B385-D85D68D02F9B} = {DAF40C37-51ED-4644-8D21-FB982D84D93E}
	EndGlobalSection
	GlobalSection(ExtensibilityGlobals) = postSolution
		SolutionGuid = {AAB42418-02F7-48A1-8929-3246F8E50A3B}
	EndGlobalSection
EndGlobal
