
Microsoft Visual Studio Solution File, Format Version 12.00
# Visual Studio Version 17
VisualStudioVersion = 17.4.33213.308
MinimumVisualStudioVersion = 10.0.40219.1
Project("{2150E333-8FDC-42A3-9474-1A3956D46DE8}") = "Services", "Services", "{057F28E6-9E56-40C2-9CDA-5C0BFCD12E5B}"
EndProject
Project("{2150E333-8FDC-42A3-9474-1A3956D46DE8}") = "Catalog", "Catalog", "{900B0A8E-2FCA-47CE-9406-2B2379828C62}"
EndProject
Project("{FAE04EC0-301F-11D3-BF4B-00C04F79EFBC}") = "Catalog.Api", "Services\Catalog\Catalog.Api\Catalog.Api.csproj", "{BA1CDCC3-C2C3-4F7F-BF70-86333266B27A}"
EndProject
Global
	GlobalSection(SolutionConfigurationPlatforms) = preSolution
		Debug|Any CPU = Debug|Any CPU
		Release|Any CPU = Release|Any CPU
	EndGlobalSection
	GlobalSection(ProjectConfigurationPlatforms) = postSolution
		{BA1CDCC3-C2C3-4F7F-BF70-86333266B27A}.Debug|Any CPU.ActiveCfg = Debug|Any CPU
		{BA1CDCC3-C2C3-4F7F-BF70-86333266B27A}.Debug|Any CPU.Build.0 = Debug|Any CPU
		{BA1CDCC3-C2C3-4F7F-BF70-86333266B27A}.Release|Any CPU.ActiveCfg = Release|Any CPU
		{BA1CDCC3-C2C3-4F7F-BF70-86333266B27A}.Release|Any CPU.Build.0 = Release|Any CPU
	EndGlobalSection
	GlobalSection(SolutionProperties) = preSolution
		HideSolutionNode = FALSE
	EndGlobalSection
	GlobalSection(NestedProjects) = preSolution
		{900B0A8E-2FCA-47CE-9406-2B2379828C62} = {057F28E6-9E56-40C2-9CDA-5C0BFCD12E5B}
		{BA1CDCC3-C2C3-4F7F-BF70-86333266B27A} = {900B0A8E-2FCA-47CE-9406-2B2379828C62}
	EndGlobalSection
	GlobalSection(ExtensibilityGlobals) = postSolution
		SolutionGuid = {AAB42418-02F7-48A1-8929-3246F8E50A3B}
	EndGlobalSection
EndGlobal
